
Microsoft Visual Studio Solution File, Format Version 12.00
# Visual Studio Version 17
VisualStudioVersion = 17.0.31903.59
MinimumVisualStudioVersion = 10.0.40219.1
Project("{2150E333-8FDC-42A3-9474-1A3956D46DE8}") = "src", "src", "{827E0CD3-B72D-47B6-A68D-7590B98EB39B}"
EndProject
Project("{FAE04EC0-301F-11D3-BF4B-00C04F79EFBC}") = "WolfBlockchain.Agents", "src\WolfBlockchain.Agents\WolfBlockchain.Agents.csproj", "{4D52712A-E356-490A-95AF-062C3D30CD01}"
EndProject
Project("{FAE04EC0-301F-11D3-BF4B-00C04F79EFBC}") = "WolfBlockchain.Protocol", "src\WolfBlockchain.Protocol\WolfBlockchain.Protocol.csproj", "{2B3F05DA-5180-4D54-87FE-B3E192E81733}"
EndProject
Project("{FAE04EC0-301F-11D3-BF4B-00C04F79EFBC}") = "WolfBlockchain.Core", "src\WolfBlockchain.Core\WolfBlockchain.Core.csproj", "{D8F63CA7-E787-4815-8439-7B84D371060E}"
EndProject
Project("{FAE04EC0-301F-11D3-BF4B-00C04F79EFBC}") = "WolfBlockchain.Observability", "src\WolfBlockchain.Observability\WolfBlockchain.Observability.csproj", "{3C358B17-5277-4FA8-9F22-71A55E175170}"
EndProject
Project("{FAE04EC0-301F-11D3-BF4B-00C04F79EFBC}") = "WolfBlockchain.Wallet", "src\WolfBlockchain.Wallet\WolfBlockchain.Wallet.csproj", "{AE82378B-C07A-4C21-A959-E61910726BC3}"
EndProject
Project("{FAE04EC0-301F-11D3-BF4B-00C04F79EFBC}") = "WolfBlockchain.Api", "src\WolfBlockchain.Api\WolfBlockchain.Api.csproj", "{1A065816-43B4-465A-8C79-B30FB0F81C90}"
EndProject
Project("{FAE04EC0-301F-11D3-BF4B-00C04F79EFBC}") = "WolfBlockchain.Consensus", "src\WolfBlockchain.Consensus\WolfBlockchain.Consensus.csproj", "{3243E4CC-D313-4AAE-AFCD-EDE3A639ADF4}"
EndProject
Project("{FAE04EC0-301F-11D3-BF4B-00C04F79EFBC}") = "WolfBlockchain.Networking", "src\WolfBlockchain.Networking\WolfBlockchain.Networking.csproj", "{3AAB28EE-16B3-4930-9D35-54062CC95BA2}"
EndProject
Project("{FAE04EC0-301F-11D3-BF4B-00C04F79EFBC}") = "WolfBlockchain.Storage", "src\WolfBlockchain.Storage\WolfBlockchain.Storage.csproj", "{153CA7E5-4548-4A38-A7D7-FF5F4E73F4DC}"
EndProject
Project("{2150E333-8FDC-42A3-9474-1A3956D46DE8}") = "tests", "tests", "{0AB3BF05-4346-4AA6-1389-037BE0695223}"
EndProject
Project("{2150E333-8FDC-42A3-9474-1A3956D46DE8}") = "Integration", "Integration", "{28A6993C-471E-82FE-7D9E-AD3B1EC22BD9}"
EndProject
Project("{FAE04EC0-301F-11D3-BF4B-00C04F79EFBC}") = "WolfBlockchain.ConsensusNetworking.IntegrationTests", "tests\Integration\WolfBlockchain.ConsensusNetworking.IntegrationTests\WolfBlockchain.ConsensusNetworking.IntegrationTests.csproj", "{3FB8F727-F0A3-4F4B-B130-1AD42775B8E0}"
EndProject
Project("{FAE04EC0-301F-11D3-BF4B-00C04F79EFBC}") = "WolfBlockchain.StorageApi.IntegrationTests", "tests\Integration\WolfBlockchain.StorageApi.IntegrationTests\WolfBlockchain.StorageApi.IntegrationTests.csproj", "{4EB480F2-7AE1-410E-AD12-C5F19C4D5FDC}"
EndProject
Project("{2150E333-8FDC-42A3-9474-1A3956D46DE8}") = "Unit", "Unit", "{9D556B49-86D1-93A7-9596-FFAAB74EC556}"
EndProject
Project("{FAE04EC0-301F-11D3-BF4B-00C04F79EFBC}") = "WolfBlockchain.Agents.UnitTests", "tests\Unit\WolfBlockchain.Agents.UnitTests\WolfBlockchain.Agents.UnitTests.csproj", "{811F11D3-9096-4D56-8245-530B56BE8093}"
EndProject
Project("{FAE04EC0-301F-11D3-BF4B-00C04F79EFBC}") = "WolfBlockchain.Core.UnitTests", "tests\Unit\WolfBlockchain.Core.UnitTests\WolfBlockchain.Core.UnitTests.csproj", "{6EC3F14E-3088-40F5-89D8-A1A5AB852FD7}"
EndProject
Project("{FAE04EC0-301F-11D3-BF4B-00C04F79EFBC}") = "WolfBlockchain.Economics.UnitTests", "tests\Unit\WolfBlockchain.Economics.UnitTests\WolfBlockchain.Economics.UnitTests.csproj", "{4305AC5E-9432-40F3-9BB1-183A6CAF3719}"
EndProject
Global
	GlobalSection(SolutionConfigurationPlatforms) = preSolution
		Debug|Any CPU = Debug|Any CPU
		Debug|x64 = Debug|x64
		Debug|x86 = Debug|x86
		Release|Any CPU = Release|Any CPU
		Release|x64 = Release|x64
		Release|x86 = Release|x86
	EndGlobalSection
	GlobalSection(ProjectConfigurationPlatforms) = postSolution
		{4D52712A-E356-490A-95AF-062C3D30CD01}.Debug|Any CPU.ActiveCfg = Debug|Any CPU
		{4D52712A-E356-490A-95AF-062C3D30CD01}.Debug|Any CPU.Build.0 = Debug|Any CPU
		{4D52712A-E356-490A-95AF-062C3D30CD01}.Debug|x64.ActiveCfg = Debug|Any CPU
		{4D52712A-E356-490A-95AF-062C3D30CD01}.Debug|x64.Build.0 = Debug|Any CPU
		{4D52712A-E356-490A-95AF-062C3D30CD01}.Debug|x86.ActiveCfg = Debug|Any CPU
		{4D52712A-E356-490A-95AF-062C3D30CD01}.Debug|x86.Build.0 = Debug|Any CPU
		{4D52712A-E356-490A-95AF-062C3D30CD01}.Release|Any CPU.ActiveCfg = Release|Any CPU
		{4D52712A-E356-490A-95AF-062C3D30CD01}.Release|Any CPU.Build.0 = Release|Any CPU
		{4D52712A-E356-490A-95AF-062C3D30CD01}.Release|x64.ActiveCfg = Release|Any CPU
		{4D52712A-E356-490A-95AF-062C3D30CD01}.Release|x64.Build.0 = Release|Any CPU
		{4D52712A-E356-490A-95AF-062C3D30CD01}.Release|x86.ActiveCfg = Release|Any CPU
		{4D52712A-E356-490A-95AF-062C3D30CD01}.Release|x86.Build.0 = Release|Any CPU
		{2B3F05DA-5180-4D54-87FE-B3E192E81733}.Debug|Any CPU.ActiveCfg = Debug|Any CPU
		{2B3F05DA-5180-4D54-87FE-B3E192E81733}.Debug|Any CPU.Build.0 = Debug|Any CPU
		{2B3F05DA-5180-4D54-87FE-B3E192E81733}.Debug|x64.ActiveCfg = Debug|Any CPU
		{2B3F05DA-5180-4D54-87FE-B3E192E81733}.Debug|x64.Build.0 = Debug|Any CPU
		{2B3F05DA-5180-4D54-87FE-B3E192E81733}.Debug|x86.ActiveCfg = Debug|Any CPU
		{2B3F05DA-5180-4D54-87FE-B3E192E81733}.Debug|x86.Build.0 = Debug|Any CPU
		{2B3F05DA-5180-4D54-87FE-B3E192E81733}.Release|Any CPU.ActiveCfg = Release|Any CPU
		{2B3F05DA-5180-4D54-87FE-B3E192E81733}.Release|Any CPU.Build.0 = Release|Any CPU
		{2B3F05DA-5180-4D54-87FE-B3E192E81733}.Release|x64.ActiveCfg = Release|Any CPU
		{2B3F05DA-5180-4D54-87FE-B3E192E81733}.Release|x64.Build.0 = Release|Any CPU
		{2B3F05DA-5180-4D54-87FE-B3E192E81733}.Release|x86.ActiveCfg = Release|Any CPU
		{2B3F05DA-5180-4D54-87FE-B3E192E81733}.Release|x86.Build.0 = Release|Any CPU
		{D8F63CA7-E787-4815-8439-7B84D371060E}.Debug|Any CPU.ActiveCfg = Debug|Any CPU
		{D8F63CA7-E787-4815-8439-7B84D371060E}.Debug|Any CPU.Build.0 = Debug|Any CPU
		{D8F63CA7-E787-4815-8439-7B84D371060E}.Debug|x64.ActiveCfg = Debug|Any CPU
		{D8F63CA7-E787-4815-8439-7B84D371060E}.Debug|x64.Build.0 = Debug|Any CPU
		{D8F63CA7-E787-4815-8439-7B84D371060E}.Debug|x86.ActiveCfg = Debug|Any CPU
		{D8F63CA7-E787-4815-8439-7B84D371060E}.Debug|x86.Build.0 = Debug|Any CPU
		{D8F63CA7-E787-4815-8439-7B84D371060E}.Release|Any CPU.ActiveCfg = Release|Any CPU
		{D8F63CA7-E787-4815-8439-7B84D371060E}.Release|Any CPU.Build.0 = Release|Any CPU
		{D8F63CA7-E787-4815-8439-7B84D371060E}.Release|x64.ActiveCfg = Release|Any CPU
		{D8F63CA7-E787-4815-8439-7B84D371060E}.Release|x64.Build.0 = Release|Any CPU
		{D8F63CA7-E787-4815-8439-7B84D371060E}.Release|x86.ActiveCfg = Release|Any CPU
		{D8F63CA7-E787-4815-8439-7B84D371060E}.Release|x86.Build.0 = Release|Any CPU
		{3C358B17-5277-4FA8-9F22-71A55E175170}.Debug|Any CPU.ActiveCfg = Debug|Any CPU
		{3C358B17-5277-4FA8-9F22-71A55E175170}.Debug|Any CPU.Build.0 = Debug|Any CPU
		{3C358B17-5277-4FA8-9F22-71A55E175170}.Debug|x64.ActiveCfg = Debug|Any CPU
		{3C358B17-5277-4FA8-9F22-71A55E175170}.Debug|x64.Build.0 = Debug|Any CPU
		{3C358B17-5277-4FA8-9F22-71A55E175170}.Debug|x86.ActiveCfg = Debug|Any CPU
		{3C358B17-5277-4FA8-9F22-71A55E175170}.Debug|x86.Build.0 = Debug|Any CPU
		{3C358B17-5277-4FA8-9F22-71A55E175170}.Release|Any CPU.ActiveCfg = Release|Any CPU
		{3C358B17-5277-4FA8-9F22-71A55E175170}.Release|Any CPU.Build.0 = Release|Any CPU
		{3C358B17-5277-4FA8-9F22-71A55E175170}.Release|x64.ActiveCfg = Release|Any CPU
		{3C358B17-5277-4FA8-9F22-71A55E175170}.Release|x64.Build.0 = Release|Any CPU
		{3C358B17-5277-4FA8-9F22-71A55E175170}.Release|x86.ActiveCfg = Release|Any CPU
		{3C358B17-5277-4FA8-9F22-71A55E175170}.Release|x86.Build.0 = Release|Any CPU
		{AE82378B-C07A-4C21-A959-E61910726BC3}.Debug|Any CPU.ActiveCfg = Debug|Any CPU
		{AE82378B-C07A-4C21-A959-E61910726BC3}.Debug|Any CPU.Build.0 = Debug|Any CPU
		{AE82378B-C07A-4C21-A959-E61910726BC3}.Debug|x64.ActiveCfg = Debug|Any CPU
		{AE82378B-C07A-4C21-A959-E61910726BC3}.Debug|x64.Build.0 = Debug|Any CPU
		{AE82378B-C07A-4C21-A959-E61910726BC3}.Debug|x86.ActiveCfg = Debug|Any CPU
		{AE82378B-C07A-4C21-A959-E61910726BC3}.Debug|x86.Build.0 = Debug|Any CPU
		{AE82378B-C07A-4C21-A959-E61910726BC3}.Release|Any CPU.ActiveCfg = Release|Any CPU
		{AE82378B-C07A-4C21-A959-E61910726BC3}.Release|Any CPU.Build.0 = Release|Any CPU
		{AE82378B-C07A-4C21-A959-E61910726BC3}.Release|x64.ActiveCfg = Release|Any CPU
		{AE82378B-C07A-4C21-A959-E61910726BC3}.Release|x64.Build.0 = Release|Any CPU
		{AE82378B-C07A-4C21-A959-E61910726BC3}.Release|x86.ActiveCfg = Release|Any CPU
		{AE82378B-C07A-4C21-A959-E61910726BC3}.Release|x86.Build.0 = Release|Any CPU
		{1A065816-43B4-465A-8C79-B30FB0F81C90}.Debug|Any CPU.ActiveCfg = Debug|Any CPU
		{1A065816-43B4-465A-8C79-B30FB0F81C90}.Debug|Any CPU.Build.0 = Debug|Any CPU
		{1A065816-43B4-465A-8C79-B30FB0F81C90}.Debug|x64.ActiveCfg = Debug|Any CPU
		{1A065816-43B4-465A-8C79-B30FB0F81C90}.Debug|x64.Build.0 = Debug|Any CPU
		{1A065816-43B4-465A-8C79-B30FB0F81C90}.Debug|x86.ActiveCfg = Debug|Any CPU
		{1A065816-43B4-465A-8C79-B30FB0F81C90}.Debug|x86.Build.0 = Debug|Any CPU
		{1A065816-43B4-465A-8C79-B30FB0F81C90}.Release|Any CPU.ActiveCfg = Release|Any CPU
		{1A065816-43B4-465A-8C79-B30FB0F81C90}.Release|Any CPU.Build.0 = Release|Any CPU
		{1A065816-43B4-465A-8C79-B30FB0F81C90}.Release|x64.ActiveCfg = Release|Any CPU
		{1A065816-43B4-465A-8C79-B30FB0F81C90}.Release|x64.Build.0 = Release|Any CPU
		{1A065816-43B4-465A-8C79-B30FB0F81C90}.Release|x86.ActiveCfg = Release|Any CPU
		{1A065816-43B4-465A-8C79-B30FB0F81C90}.Release|x86.Build.0 = Release|Any CPU
		{3243E4CC-D313-4AAE-AFCD-EDE3A639ADF4}.Debug|Any CPU.ActiveCfg = Debug|Any CPU
		{3243E4CC-D313-4AAE-AFCD-EDE3A639ADF4}.Debug|Any CPU.Build.0 = Debug|Any CPU
		{3243E4CC-D313-4AAE-AFCD-EDE3A639ADF4}.Debug|x64.ActiveCfg = Debug|Any CPU
		{3243E4CC-D313-4AAE-AFCD-EDE3A639ADF4}.Debug|x64.Build.0 = Debug|Any CPU
		{3243E4CC-D313-4AAE-AFCD-EDE3A639ADF4}.Debug|x86.ActiveCfg = Debug|Any CPU
		{3243E4CC-D313-4AAE-AFCD-EDE3A639ADF4}.Debug|x86.Build.0 = Debug|Any CPU
		{3243E4CC-D313-4AAE-AFCD-EDE3A639ADF4}.Release|Any CPU.ActiveCfg = Release|Any CPU
		{3243E4CC-D313-4AAE-AFCD-EDE3A639ADF4}.Release|Any CPU.Build.0 = Release|Any CPU
		{3243E4CC-D313-4AAE-AFCD-EDE3A639ADF4}.Release|x64.ActiveCfg = Release|Any CPU
		{3243E4CC-D313-4AAE-AFCD-EDE3A639ADF4}.Release|x64.Build.0 = Release|Any CPU
		{3243E4CC-D313-4AAE-AFCD-EDE3A639ADF4}.Release|x86.ActiveCfg = Release|Any CPU
		{3243E4CC-D313-4AAE-AFCD-EDE3A639ADF4}.Release|x86.Build.0 = Release|Any CPU
		{3AAB28EE-16B3-4930-9D35-54062CC95BA2}.Debug|Any CPU.ActiveCfg = Debug|Any CPU
		{3AAB28EE-16B3-4930-9D35-54062CC95BA2}.Debug|Any CPU.Build.0 = Debug|Any CPU
		{3AAB28EE-16B3-4930-9D35-54062CC95BA2}.Debug|x64.ActiveCfg = Debug|Any CPU
		{3AAB28EE-16B3-4930-9D35-54062CC95BA2}.Debug|x64.Build.0 = Debug|Any CPU
		{3AAB28EE-16B3-4930-9D35-54062CC95BA2}.Debug|x86.ActiveCfg = Debug|Any CPU
		{3AAB28EE-16B3-4930-9D35-54062CC95BA2}.Debug|x86.Build.0 = Debug|Any CPU
		{3AAB28EE-16B3-4930-9D35-54062CC95BA2}.Release|Any CPU.ActiveCfg = Release|Any CPU
		{3AAB28EE-16B3-4930-9D35-54062CC95BA2}.Release|Any CPU.Build.0 = Release|Any CPU
		{3AAB28EE-16B3-4930-9D35-54062CC95BA2}.Release|x64.ActiveCfg = Release|Any CPU
		{3AAB28EE-16B3-4930-9D35-54062CC95BA2}.Release|x64.Build.0 = Release|Any CPU
		{3AAB28EE-16B3-4930-9D35-54062CC95BA2}.Release|x86.ActiveCfg = Release|Any CPU
		{3AAB28EE-16B3-4930-9D35-54062CC95BA2}.Release|x86.Build.0 = Release|Any CPU
		{153CA7E5-4548-4A38-A7D7-FF5F4E73F4DC}.Debug|Any CPU.ActiveCfg = Debug|Any CPU
		{153CA7E5-4548-4A38-A7D7-FF5F4E73F4DC}.Debug|Any CPU.Build.0 = Debug|Any CPU
		{153CA7E5-4548-4A38-A7D7-FF5F4E73F4DC}.Debug|x64.ActiveCfg = Debug|Any CPU
		{153CA7E5-4548-4A38-A7D7-FF5F4E73F4DC}.Debug|x64.Build.0 = Debug|Any CPU
		{153CA7E5-4548-4A38-A7D7-FF5F4E73F4DC}.Debug|x86.ActiveCfg = Debug|Any CPU
		{153CA7E5-4548-4A38-A7D7-FF5F4E73F4DC}.Debug|x86.Build.0 = Debug|Any CPU
		{153CA7E5-4548-4A38-A7D7-FF5F4E73F4DC}.Release|Any CPU.ActiveCfg = Release|Any CPU
		{153CA7E5-4548-4A38-A7D7-FF5F4E73F4DC}.Release|Any CPU.Build.0 = Release|Any CPU
		{153CA7E5-4548-4A38-A7D7-FF5F4E73F4DC}.Release|x64.ActiveCfg = Release|Any CPU
		{153CA7E5-4548-4A38-A7D7-FF5F4E73F4DC}.Release|x64.Build.0 = Release|Any CPU
		{153CA7E5-4548-4A38-A7D7-FF5F4E73F4DC}.Release|x86.ActiveCfg = Release|Any CPU
		{153CA7E5-4548-4A38-A7D7-FF5F4E73F4DC}.Release|x86.Build.0 = Release|Any CPU
		{3FB8F727-F0A3-4F4B-B130-1AD42775B8E0}.Debug|Any CPU.ActiveCfg = Debug|Any CPU
		{3FB8F727-F0A3-4F4B-B130-1AD42775B8E0}.Debug|Any CPU.Build.0 = Debug|Any CPU
		{3FB8F727-F0A3-4F4B-B130-1AD42775B8E0}.Debug|x64.ActiveCfg = Debug|Any CPU
		{3FB8F727-F0A3-4F4B-B130-1AD42775B8E0}.Debug|x64.Build.0 = Debug|Any CPU
		{3FB8F727-F0A3-4F4B-B130-1AD42775B8E0}.Debug|x86.ActiveCfg = Debug|Any CPU
		{3FB8F727-F0A3-4F4B-B130-1AD42775B8E0}.Debug|x86.Build.0 = Debug|Any CPU
		{3FB8F727-F0A3-4F4B-B130-1AD42775B8E0}.Release|Any CPU.ActiveCfg = Release|Any CPU
		{3FB8F727-F0A3-4F4B-B130-1AD42775B8E0}.Release|Any CPU.Build.0 = Release|Any CPU
		{3FB8F727-F0A3-4F4B-B130-1AD42775B8E0}.Release|x64.ActiveCfg = Release|Any CPU
		{3FB8F727-F0A3-4F4B-B130-1AD42775B8E0}.Release|x64.Build.0 = Release|Any CPU
		{3FB8F727-F0A3-4F4B-B130-1AD42775B8E0}.Release|x86.ActiveCfg = Release|Any CPU
		{3FB8F727-F0A3-4F4B-B130-1AD42775B8E0}.Release|x86.Build.0 = Release|Any CPU
		{4EB480F2-7AE1-410E-AD12-C5F19C4D5FDC}.Debug|Any CPU.ActiveCfg = Debug|Any CPU
		{4EB480F2-7AE1-410E-AD12-C5F19C4D5FDC}.Debug|Any CPU.Build.0 = Debug|Any CPU
		{4EB480F2-7AE1-410E-AD12-C5F19C4D5FDC}.Debug|x64.ActiveCfg = Debug|Any CPU
		{4EB480F2-7AE1-410E-AD12-C5F19C4D5FDC}.Debug|x64.Build.0 = Debug|Any CPU
		{4EB480F2-7AE1-410E-AD12-C5F19C4D5FDC}.Debug|x86.ActiveCfg = Debug|Any CPU
		{4EB480F2-7AE1-410E-AD12-C5F19C4D5FDC}.Debug|x86.Build.0 = Debug|Any CPU
		{4EB480F2-7AE1-410E-AD12-C5F19C4D5FDC}.Release|Any CPU.ActiveCfg = Release|Any CPU
		{4EB480F2-7AE1-410E-AD12-C5F19C4D5FDC}.Release|Any CPU.Build.0 = Release|Any CPU
		{4EB480F2-7AE1-410E-AD12-C5F19C4D5FDC}.Release|x64.ActiveCfg = Release|Any CPU
		{4EB480F2-7AE1-410E-AD12-C5F19C4D5FDC}.Release|x64.Build.0 = Release|Any CPU
		{4EB480F2-7AE1-410E-AD12-C5F19C4D5FDC}.Release|x86.ActiveCfg = Release|Any CPU
		{4EB480F2-7AE1-410E-AD12-C5F19C4D5FDC}.Release|x86.Build.0 = Release|Any CPU
		{811F11D3-9096-4D56-8245-530B56BE8093}.Debug|Any CPU.ActiveCfg = Debug|Any CPU
		{811F11D3-9096-4D56-8245-530B56BE8093}.Debug|Any CPU.Build.0 = Debug|Any CPU
		{811F11D3-9096-4D56-8245-530B56BE8093}.Debug|x64.ActiveCfg = Debug|Any CPU
		{811F11D3-9096-4D56-8245-530B56BE8093}.Debug|x64.Build.0 = Debug|Any CPU
		{811F11D3-9096-4D56-8245-530B56BE8093}.Debug|x86.ActiveCfg = Debug|Any CPU
		{811F11D3-9096-4D56-8245-530B56BE8093}.Debug|x86.Build.0 = Debug|Any CPU
		{811F11D3-9096-4D56-8245-530B56BE8093}.Release|Any CPU.ActiveCfg = Release|Any CPU
		{811F11D3-9096-4D56-8245-530B56BE8093}.Release|Any CPU.Build.0 = Release|Any CPU
		{811F11D3-9096-4D56-8245-530B56BE8093}.Release|x64.ActiveCfg = Release|Any CPU
		{811F11D3-9096-4D56-8245-530B56BE8093}.Release|x64.Build.0 = Release|Any CPU
		{811F11D3-9096-4D56-8245-530B56BE8093}.Release|x86.ActiveCfg = Release|Any CPU
		{811F11D3-9096-4D56-8245-530B56BE8093}.Release|x86.Build.0 = Release|Any CPU
		{6EC3F14E-3088-40F5-89D8-A1A5AB852FD7}.Debug|Any CPU.ActiveCfg = Debug|Any CPU
		{6EC3F14E-3088-40F5-89D8-A1A5AB852FD7}.Debug|Any CPU.Build.0 = Debug|Any CPU
		{6EC3F14E-3088-40F5-89D8-A1A5AB852FD7}.Debug|x64.ActiveCfg = Debug|Any CPU
		{6EC3F14E-3088-40F5-89D8-A1A5AB852FD7}.Debug|x64.Build.0 = Debug|Any CPU
		{6EC3F14E-3088-40F5-89D8-A1A5AB852FD7}.Debug|x86.ActiveCfg = Debug|Any CPU
		{6EC3F14E-3088-40F5-89D8-A1A5AB852FD7}.Debug|x86.Build.0 = Debug|Any CPU
		{6EC3F14E-3088-40F5-89D8-A1A5AB852FD7}.Release|Any CPU.ActiveCfg = Release|Any CPU
		{6EC3F14E-3088-40F5-89D8-A1A5AB852FD7}.Release|Any CPU.Build.0 = Release|Any CPU
		{6EC3F14E-3088-40F5-89D8-A1A5AB852FD7}.Release|x64.ActiveCfg = Release|Any CPU
		{6EC3F14E-3088-40F5-89D8-A1A5AB852FD7}.Release|x64.Build.0 = Release|Any CPU
		{6EC3F14E-3088-40F5-89D8-A1A5AB852FD7}.Release|x86.ActiveCfg = Release|Any CPU
		{6EC3F14E-3088-40F5-89D8-A1A5AB852FD7}.Release|x86.Build.0 = Release|Any CPU
		{4305AC5E-9432-40F3-9BB1-183A6CAF3719}.Debug|Any CPU.ActiveCfg = Debug|Any CPU
		{4305AC5E-9432-40F3-9BB1-183A6CAF3719}.Debug|Any CPU.Build.0 = Debug|Any CPU
		{4305AC5E-9432-40F3-9BB1-183A6CAF3719}.Debug|x64.ActiveCfg = Debug|Any CPU
		{4305AC5E-9432-40F3-9BB1-183A6CAF3719}.Debug|x64.Build.0 = Debug|Any CPU
		{4305AC5E-9432-40F3-9BB1-183A6CAF3719}.Debug|x86.ActiveCfg = Debug|Any CPU
		{4305AC5E-9432-40F3-9BB1-183A6CAF3719}.Debug|x86.Build.0 = Debug|Any CPU
		{4305AC5E-9432-40F3-9BB1-183A6CAF3719}.Release|Any CPU.ActiveCfg = Release|Any CPU
		{4305AC5E-9432-40F3-9BB1-183A6CAF3719}.Release|Any CPU.Build.0 = Release|Any CPU
		{4305AC5E-9432-40F3-9BB1-183A6CAF3719}.Release|x64.ActiveCfg = Release|Any CPU
		{4305AC5E-9432-40F3-9BB1-183A6CAF3719}.Release|x64.Build.0 = Release|Any CPU
		{4305AC5E-9432-40F3-9BB1-183A6CAF3719}.Release|x86.ActiveCfg = Release|Any CPU
		{4305AC5E-9432-40F3-9BB1-183A6CAF3719}.Release|x86.Build.0 = Release|Any CPU
	EndGlobalSection
	GlobalSection(SolutionProperties) = preSolution
		HideSolutionNode = FALSE
	EndGlobalSection
	GlobalSection(NestedProjects) = preSolution
		{4D52712A-E356-490A-95AF-062C3D30CD01} = {827E0CD3-B72D-47B6-A68D-7590B98EB39B}
		{2B3F05DA-5180-4D54-87FE-B3E192E81733} = {827E0CD3-B72D-47B6-A68D-7590B98EB39B}
		{D8F63CA7-E787-4815-8439-7B84D371060E} = {827E0CD3-B72D-47B6-A68D-7590B98EB39B}
		{3C358B17-5277-4FA8-9F22-71A55E175170} = {827E0CD3-B72D-47B6-A68D-7590B98EB39B}
		{AE82378B-C07A-4C21-A959-E61910726BC3} = {827E0CD3-B72D-47B6-A68D-7590B98EB39B}
		{1A065816-43B4-465A-8C79-B30FB0F81C90} = {827E0CD3-B72D-47B6-A68D-7590B98EB39B}
		{3243E4CC-D313-4AAE-AFCD-EDE3A639ADF4} = {827E0CD3-B72D-47B6-A68D-7590B98EB39B}
		{3AAB28EE-16B3-4930-9D35-54062CC95BA2} = {827E0CD3-B72D-47B6-A68D-7590B98EB39B}
		{153CA7E5-4548-4A38-A7D7-FF5F4E73F4DC} = {827E0CD3-B72D-47B6-A68D-7590B98EB39B}
		{28A6993C-471E-82FE-7D9E-AD3B1EC22BD9} = {0AB3BF05-4346-4AA6-1389-037BE0695223}
		{3FB8F727-F0A3-4F4B-B130-1AD42775B8E0} = {28A6993C-471E-82FE-7D9E-AD3B1EC22BD9}
		{4EB480F2-7AE1-410E-AD12-C5F19C4D5FDC} = {28A6993C-471E-82FE-7D9E-AD3B1EC22BD9}
		{9D556B49-86D1-93A7-9596-FFAAB74EC556} = {0AB3BF05-4346-4AA6-1389-037BE0695223}
		{811F11D3-9096-4D56-8245-530B56BE8093} = {9D556B49-86D1-93A7-9596-FFAAB74EC556}
		{6EC3F14E-3088-40F5-89D8-A1A5AB852FD7} = {9D556B49-86D1-93A7-9596-FFAAB74EC556}
		{4305AC5E-9432-40F3-9BB1-183A6CAF3719} = {9D556B49-86D1-93A7-9596-FFAAB74EC556}
	EndGlobalSection
EndGlobal
